// !$*UTF8*$!
{
	archiveVersion = 1;
	classes = {
	};
	objectVersion = 51;
	objects = {

/* Begin PBXBuildFile section */
		647CB60225C0CAB20071A91B /* SignUpView.swift in Sources */ = {isa = PBXBuildFile; fileRef = 647CB60125C0CAB20071A91B /* SignUpView.swift */; };
		647CB61225C0CF4A0071A91B /* LogInView.swift in Sources */ = {isa = PBXBuildFile; fileRef = 647CB61125C0CF4A0071A91B /* LogInView.swift */; };
		647CB65D25C0D6FC0071A91B /* SessionStore.swift in Sources */ = {isa = PBXBuildFile; fileRef = 647CB65C25C0D6FC0071A91B /* SessionStore.swift */; };
		647CB66425C10EA60071A91B /* User.swift in Sources */ = {isa = PBXBuildFile; fileRef = 647CB66325C10EA60071A91B /* User.swift */; };
		648973C825A50BC30049AB5B /* MealCartApp.swift in Sources */ = {isa = PBXBuildFile; fileRef = 648973C725A50BC30049AB5B /* MealCartApp.swift */; };
		648973CA25A50BC30049AB5B /* HomeScreen.swift in Sources */ = {isa = PBXBuildFile; fileRef = 648973C925A50BC30049AB5B /* HomeScreen.swift */; };
		648973CC25A50BC30049AB5B /* Assets.xcassets in Resources */ = {isa = PBXBuildFile; fileRef = 648973CB25A50BC30049AB5B /* Assets.xcassets */; };
		648973CF25A50BC30049AB5B /* Preview Assets.xcassets in Resources */ = {isa = PBXBuildFile; fileRef = 648973CE25A50BC30049AB5B /* Preview Assets.xcassets */; };
		648973DA25A50BC40049AB5B /* MealCartTests.swift in Sources */ = {isa = PBXBuildFile; fileRef = 648973D925A50BC40049AB5B /* MealCartTests.swift */; };
		648973E525A50BC40049AB5B /* MealCartUITests.swift in Sources */ = {isa = PBXBuildFile; fileRef = 648973E425A50BC40049AB5B /* MealCartUITests.swift */; };
		6489B0EA25B0D23A00A07B94 /* RecipeDetail.swift in Sources */ = {isa = PBXBuildFile; fileRef = 6489B0E925B0D23A00A07B94 /* RecipeDetail.swift */; };
		6489B0F025B0D27900A07B94 /* Recipe.swift in Sources */ = {isa = PBXBuildFile; fileRef = 6489B0EF25B0D27900A07B94 /* Recipe.swift */; };
		6489B0FA25B0EE2300A07B94 /* RemoteImage.swift in Sources */ = {isa = PBXBuildFile; fileRef = 6489B0F925B0EE2300A07B94 /* RemoteImage.swift */; };
		64911CD325B147D4002E4818 /* recipeData.json in Resources */ = {isa = PBXBuildFile; fileRef = 64911CD225B147D4002E4818 /* recipeData.json */; };
		64911CD825B14828002E4818 /* ModelData.swift in Sources */ = {isa = PBXBuildFile; fileRef = 64911CD725B14828002E4818 /* ModelData.swift */; };
		64911CE125B380BF002E4818 /* FavouriteButton.swift in Sources */ = {isa = PBXBuildFile; fileRef = 64911CE025B380BF002E4818 /* FavouriteButton.swift */; };
		6497F4DD25BE4C8F00811986 /* GoogleService-Info.plist in Resources */ = {isa = PBXBuildFile; fileRef = 6497F4DC25BE4C8F00811986 /* GoogleService-Info.plist */; };
		64A22DB925C35DCA00D6569D /* ContentView.swift in Sources */ = {isa = PBXBuildFile; fileRef = 64A22DB825C35DCA00D6569D /* ContentView.swift */; };
		64A22DC425C78BA400D6569D /* top-1k-ingredients.csv in Resources */ = {isa = PBXBuildFile; fileRef = 64A22DC325C78BA400D6569D /* top-1k-ingredients.csv */; };
		64A22DCE25C8A5FD00D6569D /* EmailField.swift in Sources */ = {isa = PBXBuildFile; fileRef = 64A22DCD25C8A5FD00D6569D /* EmailField.swift */; };
		64A22DD325C8A6B500D6569D /* PasswordField.swift in Sources */ = {isa = PBXBuildFile; fileRef = 64A22DD225C8A6B500D6569D /* PasswordField.swift */; };
		64E7F34425C8FC970033BD26 /* UserProfile.swift in Sources */ = {isa = PBXBuildFile; fileRef = 64E7F34325C8FC970033BD26 /* UserProfile.swift */; };
		64E7F34925CC86B10033BD26 /* SettingsView.swift in Sources */ = {isa = PBXBuildFile; fileRef = 64E7F34825CC86B10033BD26 /* SettingsView.swift */; };
		64E7F34E25CE16F90033BD26 /* FavouritesView.swift in Sources */ = {isa = PBXBuildFile; fileRef = 64E7F34D25CE16F90033BD26 /* FavouritesView.swift */; };
		64E7F35425CF66C70033BD26 /* MealPlanItem.swift in Sources */ = {isa = PBXBuildFile; fileRef = 64E7F35325CF66C70033BD26 /* MealPlanItem.swift */; };
		64E7F36025CF6CEB0033BD26 /* MealPlanHome.swift in Sources */ = {isa = PBXBuildFile; fileRef = 64E7F35F25CF6CEB0033BD26 /* MealPlanHome.swift */; };
		64E7F36525D210330033BD26 /* NewMealPlan.swift in Sources */ = {isa = PBXBuildFile; fileRef = 64E7F36425D210320033BD26 /* NewMealPlan.swift */; };
		6DA751983EC713614F8B1268 /* Pods_MealCart_MealCartUITests.framework in Frameworks */ = {isa = PBXBuildFile; fileRef = A5BB3687521D979897BE6629 /* Pods_MealCart_MealCartUITests.framework */; };
		793A88357847DA783FC09219 /* Pods_MealCart.framework in Frameworks */ = {isa = PBXBuildFile; fileRef = 8B99CC3A07525AA41341993D /* Pods_MealCart.framework */; };
		A9AD7F0D624C4C09B71018B9 /* Pods_MealCartTests.framework in Frameworks */ = {isa = PBXBuildFile; fileRef = B6719BAD727BD9FDB1C08B50 /* Pods_MealCartTests.framework */; };
/* End PBXBuildFile section */

/* Begin PBXContainerItemProxy section */
		648973D625A50BC40049AB5B /* PBXContainerItemProxy */ = {
			isa = PBXContainerItemProxy;
			containerPortal = 648973BC25A50BC30049AB5B /* Project object */;
			proxyType = 1;
			remoteGlobalIDString = 648973C325A50BC30049AB5B;
			remoteInfo = MealCart;
		};
		648973E125A50BC40049AB5B /* PBXContainerItemProxy */ = {
			isa = PBXContainerItemProxy;
			containerPortal = 648973BC25A50BC30049AB5B /* Project object */;
			proxyType = 1;
			remoteGlobalIDString = 648973C325A50BC30049AB5B;
			remoteInfo = MealCart;
		};
/* End PBXContainerItemProxy section */

/* Begin PBXFileReference section */
		1853E666109A09CFD91C0481 /* Pods-MealCart-MealCartUITests.debug.xcconfig */ = {isa = PBXFileReference; includeInIndex = 1; lastKnownFileType = text.xcconfig; name = "Pods-MealCart-MealCartUITests.debug.xcconfig"; path = "Target Support Files/Pods-MealCart-MealCartUITests/Pods-MealCart-MealCartUITests.debug.xcconfig"; sourceTree = "<group>"; };
		2CF96279C45443F523947282 /* Pods-MealCart-MealCartUITests.release.xcconfig */ = {isa = PBXFileReference; includeInIndex = 1; lastKnownFileType = text.xcconfig; name = "Pods-MealCart-MealCartUITests.release.xcconfig"; path = "Target Support Files/Pods-MealCart-MealCartUITests/Pods-MealCart-MealCartUITests.release.xcconfig"; sourceTree = "<group>"; };
		315C22A905F91591D82355A1 /* Pods-MealCart.release.xcconfig */ = {isa = PBXFileReference; includeInIndex = 1; lastKnownFileType = text.xcconfig; name = "Pods-MealCart.release.xcconfig"; path = "Target Support Files/Pods-MealCart/Pods-MealCart.release.xcconfig"; sourceTree = "<group>"; };
		43A8DACA24033D0A19C451F6 /* Pods-MealCartTests.debug.xcconfig */ = {isa = PBXFileReference; includeInIndex = 1; lastKnownFileType = text.xcconfig; name = "Pods-MealCartTests.debug.xcconfig"; path = "Target Support Files/Pods-MealCartTests/Pods-MealCartTests.debug.xcconfig"; sourceTree = "<group>"; };
		647CB60125C0CAB20071A91B /* SignUpView.swift */ = {isa = PBXFileReference; lastKnownFileType = sourcecode.swift; path = SignUpView.swift; sourceTree = "<group>"; };
		647CB61125C0CF4A0071A91B /* LogInView.swift */ = {isa = PBXFileReference; lastKnownFileType = sourcecode.swift; path = LogInView.swift; sourceTree = "<group>"; };
		647CB65C25C0D6FC0071A91B /* SessionStore.swift */ = {isa = PBXFileReference; lastKnownFileType = sourcecode.swift; path = SessionStore.swift; sourceTree = "<group>"; };
		647CB66325C10EA60071A91B /* User.swift */ = {isa = PBXFileReference; lastKnownFileType = sourcecode.swift; path = User.swift; sourceTree = "<group>"; };
		648973C425A50BC30049AB5B /* MealCart.app */ = {isa = PBXFileReference; explicitFileType = wrapper.application; includeInIndex = 0; path = MealCart.app; sourceTree = BUILT_PRODUCTS_DIR; };
		648973C725A50BC30049AB5B /* MealCartApp.swift */ = {isa = PBXFileReference; lastKnownFileType = sourcecode.swift; path = MealCartApp.swift; sourceTree = "<group>"; };
		648973C925A50BC30049AB5B /* HomeScreen.swift */ = {isa = PBXFileReference; lastKnownFileType = sourcecode.swift; path = HomeScreen.swift; sourceTree = "<group>"; };
		648973CB25A50BC30049AB5B /* Assets.xcassets */ = {isa = PBXFileReference; lastKnownFileType = folder.assetcatalog; path = Assets.xcassets; sourceTree = "<group>"; };
		648973CE25A50BC30049AB5B /* Preview Assets.xcassets */ = {isa = PBXFileReference; lastKnownFileType = folder.assetcatalog; path = "Preview Assets.xcassets"; sourceTree = "<group>"; };
		648973D025A50BC30049AB5B /* Info.plist */ = {isa = PBXFileReference; lastKnownFileType = text.plist.xml; path = Info.plist; sourceTree = "<group>"; };
		648973D525A50BC40049AB5B /* MealCartTests.xctest */ = {isa = PBXFileReference; explicitFileType = wrapper.cfbundle; includeInIndex = 0; path = MealCartTests.xctest; sourceTree = BUILT_PRODUCTS_DIR; };
		648973D925A50BC40049AB5B /* MealCartTests.swift */ = {isa = PBXFileReference; lastKnownFileType = sourcecode.swift; path = MealCartTests.swift; sourceTree = "<group>"; };
		648973DB25A50BC40049AB5B /* Info.plist */ = {isa = PBXFileReference; lastKnownFileType = text.plist.xml; path = Info.plist; sourceTree = "<group>"; };
		648973E025A50BC40049AB5B /* MealCartUITests.xctest */ = {isa = PBXFileReference; explicitFileType = wrapper.cfbundle; includeInIndex = 0; path = MealCartUITests.xctest; sourceTree = BUILT_PRODUCTS_DIR; };
		648973E425A50BC40049AB5B /* MealCartUITests.swift */ = {isa = PBXFileReference; lastKnownFileType = sourcecode.swift; path = MealCartUITests.swift; sourceTree = "<group>"; };
		648973E625A50BC40049AB5B /* Info.plist */ = {isa = PBXFileReference; lastKnownFileType = text.plist.xml; path = Info.plist; sourceTree = "<group>"; };
		6489B0E925B0D23A00A07B94 /* RecipeDetail.swift */ = {isa = PBXFileReference; lastKnownFileType = sourcecode.swift; path = RecipeDetail.swift; sourceTree = "<group>"; };
		6489B0EF25B0D27900A07B94 /* Recipe.swift */ = {isa = PBXFileReference; lastKnownFileType = sourcecode.swift; path = Recipe.swift; sourceTree = "<group>"; };
		6489B0F925B0EE2300A07B94 /* RemoteImage.swift */ = {isa = PBXFileReference; lastKnownFileType = sourcecode.swift; path = RemoteImage.swift; sourceTree = "<group>"; };
		64911CD225B147D4002E4818 /* recipeData.json */ = {isa = PBXFileReference; fileEncoding = 4; lastKnownFileType = text.json; path = recipeData.json; sourceTree = "<group>"; };
		64911CD725B14828002E4818 /* ModelData.swift */ = {isa = PBXFileReference; lastKnownFileType = sourcecode.swift; path = ModelData.swift; sourceTree = "<group>"; };
		64911CE025B380BF002E4818 /* FavouriteButton.swift */ = {isa = PBXFileReference; lastKnownFileType = sourcecode.swift; path = FavouriteButton.swift; sourceTree = "<group>"; };
		6497F4DC25BE4C8F00811986 /* GoogleService-Info.plist */ = {isa = PBXFileReference; fileEncoding = 4; lastKnownFileType = text.plist.xml; path = "GoogleService-Info.plist"; sourceTree = "<group>"; };
		64A22DB825C35DCA00D6569D /* ContentView.swift */ = {isa = PBXFileReference; lastKnownFileType = sourcecode.swift; path = ContentView.swift; sourceTree = "<group>"; };
		64A22DC325C78BA400D6569D /* top-1k-ingredients.csv */ = {isa = PBXFileReference; fileEncoding = 4; lastKnownFileType = text; path = "top-1k-ingredients.csv"; sourceTree = "<group>"; };
		64A22DCD25C8A5FD00D6569D /* EmailField.swift */ = {isa = PBXFileReference; lastKnownFileType = sourcecode.swift; path = EmailField.swift; sourceTree = "<group>"; };
		64A22DD225C8A6B500D6569D /* PasswordField.swift */ = {isa = PBXFileReference; lastKnownFileType = sourcecode.swift; path = PasswordField.swift; sourceTree = "<group>"; };
		64E7F34325C8FC970033BD26 /* UserProfile.swift */ = {isa = PBXFileReference; lastKnownFileType = sourcecode.swift; path = UserProfile.swift; sourceTree = "<group>"; };
		64E7F34825CC86B10033BD26 /* SettingsView.swift */ = {isa = PBXFileReference; lastKnownFileType = sourcecode.swift; path = SettingsView.swift; sourceTree = "<group>"; };
		64E7F34D25CE16F90033BD26 /* FavouritesView.swift */ = {isa = PBXFileReference; lastKnownFileType = sourcecode.swift; path = FavouritesView.swift; sourceTree = "<group>"; };
		64E7F35325CF66C70033BD26 /* MealPlanItem.swift */ = {isa = PBXFileReference; lastKnownFileType = sourcecode.swift; path = MealPlanItem.swift; sourceTree = "<group>"; };
		64E7F35F25CF6CEB0033BD26 /* MealPlanHome.swift */ = {isa = PBXFileReference; lastKnownFileType = sourcecode.swift; path = MealPlanHome.swift; sourceTree = "<group>"; };
		64E7F36425D210320033BD26 /* NewMealPlan.swift */ = {isa = PBXFileReference; lastKnownFileType = sourcecode.swift; path = NewMealPlan.swift; sourceTree = "<group>"; };
		8B99CC3A07525AA41341993D /* Pods_MealCart.framework */ = {isa = PBXFileReference; explicitFileType = wrapper.framework; includeInIndex = 0; path = Pods_MealCart.framework; sourceTree = BUILT_PRODUCTS_DIR; };
		9FE566447A9958404248AA71 /* Pods-MealCart.debug.xcconfig */ = {isa = PBXFileReference; includeInIndex = 1; lastKnownFileType = text.xcconfig; name = "Pods-MealCart.debug.xcconfig"; path = "Target Support Files/Pods-MealCart/Pods-MealCart.debug.xcconfig"; sourceTree = "<group>"; };
		A5BB3687521D979897BE6629 /* Pods_MealCart_MealCartUITests.framework */ = {isa = PBXFileReference; explicitFileType = wrapper.framework; includeInIndex = 0; path = Pods_MealCart_MealCartUITests.framework; sourceTree = BUILT_PRODUCTS_DIR; };
		B6719BAD727BD9FDB1C08B50 /* Pods_MealCartTests.framework */ = {isa = PBXFileReference; explicitFileType = wrapper.framework; includeInIndex = 0; path = Pods_MealCartTests.framework; sourceTree = BUILT_PRODUCTS_DIR; };
		CE02AAD5481925EFC8786C6A /* Pods-MealCartTests.release.xcconfig */ = {isa = PBXFileReference; includeInIndex = 1; lastKnownFileType = text.xcconfig; name = "Pods-MealCartTests.release.xcconfig"; path = "Target Support Files/Pods-MealCartTests/Pods-MealCartTests.release.xcconfig"; sourceTree = "<group>"; };
/* End PBXFileReference section */

/* Begin PBXFrameworksBuildPhase section */
		648973C125A50BC30049AB5B /* Frameworks */ = {
			isa = PBXFrameworksBuildPhase;
			buildActionMask = 2147483647;
			files = (
				793A88357847DA783FC09219 /* Pods_MealCart.framework in Frameworks */,
			);
			runOnlyForDeploymentPostprocessing = 0;
		};
		648973D225A50BC40049AB5B /* Frameworks */ = {
			isa = PBXFrameworksBuildPhase;
			buildActionMask = 2147483647;
			files = (
				A9AD7F0D624C4C09B71018B9 /* Pods_MealCartTests.framework in Frameworks */,
			);
			runOnlyForDeploymentPostprocessing = 0;
		};
		648973DD25A50BC40049AB5B /* Frameworks */ = {
			isa = PBXFrameworksBuildPhase;
			buildActionMask = 2147483647;
			files = (
				6DA751983EC713614F8B1268 /* Pods_MealCart_MealCartUITests.framework in Frameworks */,
			);
			runOnlyForDeploymentPostprocessing = 0;
		};
/* End PBXFrameworksBuildPhase section */

/* Begin PBXGroup section */
		08990352674DAD57C5A6DF8E /* Pods */ = {
			isa = PBXGroup;
			children = (
				9FE566447A9958404248AA71 /* Pods-MealCart.debug.xcconfig */,
				315C22A905F91591D82355A1 /* Pods-MealCart.release.xcconfig */,
				1853E666109A09CFD91C0481 /* Pods-MealCart-MealCartUITests.debug.xcconfig */,
				2CF96279C45443F523947282 /* Pods-MealCart-MealCartUITests.release.xcconfig */,
				43A8DACA24033D0A19C451F6 /* Pods-MealCartTests.debug.xcconfig */,
				CE02AAD5481925EFC8786C6A /* Pods-MealCartTests.release.xcconfig */,
			);
			path = Pods;
			sourceTree = "<group>";
		};
		648973BB25A50BC30049AB5B = {
			isa = PBXGroup;
			children = (
				648973C625A50BC30049AB5B /* MealCart */,
				648973D825A50BC40049AB5B /* MealCartTests */,
				648973E325A50BC40049AB5B /* MealCartUITests */,
				648973C525A50BC30049AB5B /* Products */,
				08990352674DAD57C5A6DF8E /* Pods */,
				C23ADA311ED27696D94BC34E /* Frameworks */,
			);
			sourceTree = "<group>";
		};
		648973C525A50BC30049AB5B /* Products */ = {
			isa = PBXGroup;
			children = (
				648973C425A50BC30049AB5B /* MealCart.app */,
				648973D525A50BC40049AB5B /* MealCartTests.xctest */,
				648973E025A50BC40049AB5B /* MealCartUITests.xctest */,
			);
			name = Products;
			sourceTree = "<group>";
		};
		648973C625A50BC30049AB5B /* MealCart */ = {
			isa = PBXGroup;
			children = (
				6489B10425B1460A00A07B94 /* Resources */,
				6489B0E425B0CF0A00A07B94 /* View */,
				648973C725A50BC30049AB5B /* MealCartApp.swift */,
				6489B0E525B0CF1100A07B94 /* Model */,
				648973CB25A50BC30049AB5B /* Assets.xcassets */,
				648973D025A50BC30049AB5B /* Info.plist */,
				6497F4DC25BE4C8F00811986 /* GoogleService-Info.plist */,
				648973CD25A50BC30049AB5B /* Preview Content */,
			);
			path = MealCart;
			sourceTree = "<group>";
		};
		648973CD25A50BC30049AB5B /* Preview Content */ = {
			isa = PBXGroup;
			children = (
				648973CE25A50BC30049AB5B /* Preview Assets.xcassets */,
			);
			path = "Preview Content";
			sourceTree = "<group>";
		};
		648973D825A50BC40049AB5B /* MealCartTests */ = {
			isa = PBXGroup;
			children = (
				648973D925A50BC40049AB5B /* MealCartTests.swift */,
				648973DB25A50BC40049AB5B /* Info.plist */,
			);
			path = MealCartTests;
			sourceTree = "<group>";
		};
		648973E325A50BC40049AB5B /* MealCartUITests */ = {
			isa = PBXGroup;
			children = (
				648973E425A50BC40049AB5B /* MealCartUITests.swift */,
				648973E625A50BC40049AB5B /* Info.plist */,
			);
			path = MealCartUITests;
			sourceTree = "<group>";
		};
		6489B0E425B0CF0A00A07B94 /* View */ = {
			isa = PBXGroup;
			children = (
				64E7F35E25CF6CC00033BD26 /* MealPlan */,
				64911CDF25B380A4002E4818 /* Helpers */,
				648973C925A50BC30049AB5B /* HomeScreen.swift */,
				64A22DB825C35DCA00D6569D /* ContentView.swift */,
				64E7F34D25CE16F90033BD26 /* FavouritesView.swift */,
				6489B0E925B0D23A00A07B94 /* RecipeDetail.swift */,
				647CB60125C0CAB20071A91B /* SignUpView.swift */,
				647CB61125C0CF4A0071A91B /* LogInView.swift */,
				64E7F34825CC86B10033BD26 /* SettingsView.swift */,
			);
			path = View;
			sourceTree = "<group>";
		};
		6489B0E525B0CF1100A07B94 /* Model */ = {
			isa = PBXGroup;
			children = (
				6489B0EF25B0D27900A07B94 /* Recipe.swift */,
				64911CD725B14828002E4818 /* ModelData.swift */,
				647CB65C25C0D6FC0071A91B /* SessionStore.swift */,
				647CB66325C10EA60071A91B /* User.swift */,
				64E7F34325C8FC970033BD26 /* UserProfile.swift */,
			);
			path = Model;
			sourceTree = "<group>";
		};
		6489B10425B1460A00A07B94 /* Resources */ = {
			isa = PBXGroup;
			children = (
				64A22DC325C78BA400D6569D /* top-1k-ingredients.csv */,
				64911CD225B147D4002E4818 /* recipeData.json */,
			);
			path = Resources;
			sourceTree = "<group>";
		};
		64911CDF25B380A4002E4818 /* Helpers */ = {
			isa = PBXGroup;
			children = (
				6489B0F925B0EE2300A07B94 /* RemoteImage.swift */,
				64911CE025B380BF002E4818 /* FavouriteButton.swift */,
				64A22DCD25C8A5FD00D6569D /* EmailField.swift */,
				64A22DD225C8A6B500D6569D /* PasswordField.swift */,
			);
			path = Helpers;
			sourceTree = "<group>";
		};
		64E7F35E25CF6CC00033BD26 /* MealPlan */ = {
			isa = PBXGroup;
			children = (
				64E7F35325CF66C70033BD26 /* MealPlanItem.swift */,
				64E7F35F25CF6CEB0033BD26 /* MealPlanHome.swift */,
				64E7F36425D210320033BD26 /* NewMealPlan.swift */,
			);
			path = MealPlan;
			sourceTree = "<group>";
		};
		C23ADA311ED27696D94BC34E /* Frameworks */ = {
			isa = PBXGroup;
			children = (
				8B99CC3A07525AA41341993D /* Pods_MealCart.framework */,
				A5BB3687521D979897BE6629 /* Pods_MealCart_MealCartUITests.framework */,
				B6719BAD727BD9FDB1C08B50 /* Pods_MealCartTests.framework */,
			);
			name = Frameworks;
			sourceTree = "<group>";
		};
/* End PBXGroup section */

/* Begin PBXNativeTarget section */
		648973C325A50BC30049AB5B /* MealCart */ = {
			isa = PBXNativeTarget;
			buildConfigurationList = 648973E925A50BC40049AB5B /* Build configuration list for PBXNativeTarget "MealCart" */;
			buildPhases = (
				D0DFFE4F74A005F12B160F1D /* [CP] Check Pods Manifest.lock */,
				648973C025A50BC30049AB5B /* Sources */,
				648973C125A50BC30049AB5B /* Frameworks */,
				648973C225A50BC30049AB5B /* Resources */,
				F342908710225E53EA0CE907 /* [CP] Embed Pods Frameworks */,
			);
			buildRules = (
			);
			dependencies = (
			);
			name = MealCart;
			productName = MealCart;
			productReference = 648973C425A50BC30049AB5B /* MealCart.app */;
			productType = "com.apple.product-type.application";
		};
		648973D425A50BC40049AB5B /* MealCartTests */ = {
			isa = PBXNativeTarget;
			buildConfigurationList = 648973EC25A50BC40049AB5B /* Build configuration list for PBXNativeTarget "MealCartTests" */;
			buildPhases = (
				A77F92897502E4D3DE464B2A /* [CP] Check Pods Manifest.lock */,
				648973D125A50BC40049AB5B /* Sources */,
				648973D225A50BC40049AB5B /* Frameworks */,
				648973D325A50BC40049AB5B /* Resources */,
			);
			buildRules = (
			);
			dependencies = (
				648973D725A50BC40049AB5B /* PBXTargetDependency */,
			);
			name = MealCartTests;
			productName = MealCartTests;
			productReference = 648973D525A50BC40049AB5B /* MealCartTests.xctest */;
			productType = "com.apple.product-type.bundle.unit-test";
		};
		648973DF25A50BC40049AB5B /* MealCartUITests */ = {
			isa = PBXNativeTarget;
			buildConfigurationList = 648973EF25A50BC40049AB5B /* Build configuration list for PBXNativeTarget "MealCartUITests" */;
			buildPhases = (
				6612D16327EF0F9BE52B5AB7 /* [CP] Check Pods Manifest.lock */,
				648973DC25A50BC40049AB5B /* Sources */,
				648973DD25A50BC40049AB5B /* Frameworks */,
				648973DE25A50BC40049AB5B /* Resources */,
				2914E9696F8E84478BD2F66A /* [CP] Embed Pods Frameworks */,
			);
			buildRules = (
			);
			dependencies = (
				648973E225A50BC40049AB5B /* PBXTargetDependency */,
			);
			name = MealCartUITests;
			productName = MealCartUITests;
			productReference = 648973E025A50BC40049AB5B /* MealCartUITests.xctest */;
			productType = "com.apple.product-type.bundle.ui-testing";
		};
/* End PBXNativeTarget section */

/* Begin PBXProject section */
		648973BC25A50BC30049AB5B /* Project object */ = {
			isa = PBXProject;
			attributes = {
				LastSwiftUpdateCheck = 1230;
				LastUpgradeCheck = 1230;
				TargetAttributes = {
					648973C325A50BC30049AB5B = {
						CreatedOnToolsVersion = 12.3;
					};
					648973D425A50BC40049AB5B = {
						CreatedOnToolsVersion = 12.3;
						TestTargetID = 648973C325A50BC30049AB5B;
					};
					648973DF25A50BC40049AB5B = {
						CreatedOnToolsVersion = 12.3;
						TestTargetID = 648973C325A50BC30049AB5B;
					};
				};
			};
			buildConfigurationList = 648973BF25A50BC30049AB5B /* Build configuration list for PBXProject "MealCart" */;
			compatibilityVersion = "Xcode 9.3";
			developmentRegion = en;
			hasScannedForEncodings = 0;
			knownRegions = (
				en,
				Base,
			);
			mainGroup = 648973BB25A50BC30049AB5B;
			productRefGroup = 648973C525A50BC30049AB5B /* Products */;
			projectDirPath = "";
			projectRoot = "";
			targets = (
				648973C325A50BC30049AB5B /* MealCart */,
				648973D425A50BC40049AB5B /* MealCartTests */,
				648973DF25A50BC40049AB5B /* MealCartUITests */,
			);
		};
/* End PBXProject section */

/* Begin PBXResourcesBuildPhase section */
		648973C225A50BC30049AB5B /* Resources */ = {
			isa = PBXResourcesBuildPhase;
			buildActionMask = 2147483647;
			files = (
				64911CD325B147D4002E4818 /* recipeData.json in Resources */,
				6497F4DD25BE4C8F00811986 /* GoogleService-Info.plist in Resources */,
				648973CF25A50BC30049AB5B /* Preview Assets.xcassets in Resources */,
				64A22DC425C78BA400D6569D /* top-1k-ingredients.csv in Resources */,
				648973CC25A50BC30049AB5B /* Assets.xcassets in Resources */,
			);
			runOnlyForDeploymentPostprocessing = 0;
		};
		648973D325A50BC40049AB5B /* Resources */ = {
			isa = PBXResourcesBuildPhase;
			buildActionMask = 2147483647;
			files = (
			);
			runOnlyForDeploymentPostprocessing = 0;
		};
		648973DE25A50BC40049AB5B /* Resources */ = {
			isa = PBXResourcesBuildPhase;
			buildActionMask = 2147483647;
			files = (
			);
			runOnlyForDeploymentPostprocessing = 0;
		};
/* End PBXResourcesBuildPhase section */

/* Begin PBXShellScriptBuildPhase section */
		2914E9696F8E84478BD2F66A /* [CP] Embed Pods Frameworks */ = {
			isa = PBXShellScriptBuildPhase;
			buildActionMask = 2147483647;
			files = (
			);
			inputFileListPaths = (
				"${PODS_ROOT}/Target Support Files/Pods-MealCart-MealCartUITests/Pods-MealCart-MealCartUITests-frameworks-${CONFIGURATION}-input-files.xcfilelist",
			);
			name = "[CP] Embed Pods Frameworks";
			outputFileListPaths = (
				"${PODS_ROOT}/Target Support Files/Pods-MealCart-MealCartUITests/Pods-MealCart-MealCartUITests-frameworks-${CONFIGURATION}-output-files.xcfilelist",
			);
			runOnlyForDeploymentPostprocessing = 0;
			shellPath = /bin/sh;
			shellScript = "\"${PODS_ROOT}/Target Support Files/Pods-MealCart-MealCartUITests/Pods-MealCart-MealCartUITests-frameworks.sh\"\n";
			showEnvVarsInLog = 0;
		};
		6612D16327EF0F9BE52B5AB7 /* [CP] Check Pods Manifest.lock */ = {
			isa = PBXShellScriptBuildPhase;
			buildActionMask = 2147483647;
			files = (
			);
			inputFileListPaths = (
			);
			inputPaths = (
				"${PODS_PODFILE_DIR_PATH}/Podfile.lock",
				"${PODS_ROOT}/Manifest.lock",
			);
			name = "[CP] Check Pods Manifest.lock";
			outputFileListPaths = (
			);
			outputPaths = (
				"$(DERIVED_FILE_DIR)/Pods-MealCart-MealCartUITests-checkManifestLockResult.txt",
			);
			runOnlyForDeploymentPostprocessing = 0;
			shellPath = /bin/sh;
			shellScript = "diff \"${PODS_PODFILE_DIR_PATH}/Podfile.lock\" \"${PODS_ROOT}/Manifest.lock\" > /dev/null\nif [ $? != 0 ] ; then\n    # print error to STDERR\n    echo \"error: The sandbox is not in sync with the Podfile.lock. Run 'pod install' or update your CocoaPods installation.\" >&2\n    exit 1\nfi\n# This output is used by Xcode 'outputs' to avoid re-running this script phase.\necho \"SUCCESS\" > \"${SCRIPT_OUTPUT_FILE_0}\"\n";
			showEnvVarsInLog = 0;
		};
		A77F92897502E4D3DE464B2A /* [CP] Check Pods Manifest.lock */ = {
			isa = PBXShellScriptBuildPhase;
			buildActionMask = 2147483647;
			files = (
			);
			inputFileListPaths = (
			);
			inputPaths = (
				"${PODS_PODFILE_DIR_PATH}/Podfile.lock",
				"${PODS_ROOT}/Manifest.lock",
			);
			name = "[CP] Check Pods Manifest.lock";
			outputFileListPaths = (
			);
			outputPaths = (
				"$(DERIVED_FILE_DIR)/Pods-MealCartTests-checkManifestLockResult.txt",
			);
			runOnlyForDeploymentPostprocessing = 0;
			shellPath = /bin/sh;
			shellScript = "diff \"${PODS_PODFILE_DIR_PATH}/Podfile.lock\" \"${PODS_ROOT}/Manifest.lock\" > /dev/null\nif [ $? != 0 ] ; then\n    # print error to STDERR\n    echo \"error: The sandbox is not in sync with the Podfile.lock. Run 'pod install' or update your CocoaPods installation.\" >&2\n    exit 1\nfi\n# This output is used by Xcode 'outputs' to avoid re-running this script phase.\necho \"SUCCESS\" > \"${SCRIPT_OUTPUT_FILE_0}\"\n";
			showEnvVarsInLog = 0;
		};
		D0DFFE4F74A005F12B160F1D /* [CP] Check Pods Manifest.lock */ = {
			isa = PBXShellScriptBuildPhase;
			buildActionMask = 2147483647;
			files = (
			);
			inputFileListPaths = (
			);
			inputPaths = (
				"${PODS_PODFILE_DIR_PATH}/Podfile.lock",
				"${PODS_ROOT}/Manifest.lock",
			);
			name = "[CP] Check Pods Manifest.lock";
			outputFileListPaths = (
			);
			outputPaths = (
				"$(DERIVED_FILE_DIR)/Pods-MealCart-checkManifestLockResult.txt",
			);
			runOnlyForDeploymentPostprocessing = 0;
			shellPath = /bin/sh;
			shellScript = "diff \"${PODS_PODFILE_DIR_PATH}/Podfile.lock\" \"${PODS_ROOT}/Manifest.lock\" > /dev/null\nif [ $? != 0 ] ; then\n    # print error to STDERR\n    echo \"error: The sandbox is not in sync with the Podfile.lock. Run 'pod install' or update your CocoaPods installation.\" >&2\n    exit 1\nfi\n# This output is used by Xcode 'outputs' to avoid re-running this script phase.\necho \"SUCCESS\" > \"${SCRIPT_OUTPUT_FILE_0}\"\n";
			showEnvVarsInLog = 0;
		};
		F342908710225E53EA0CE907 /* [CP] Embed Pods Frameworks */ = {
			isa = PBXShellScriptBuildPhase;
			buildActionMask = 2147483647;
			files = (
			);
			inputFileListPaths = (
				"${PODS_ROOT}/Target Support Files/Pods-MealCart/Pods-MealCart-frameworks-${CONFIGURATION}-input-files.xcfilelist",
			);
			name = "[CP] Embed Pods Frameworks";
			outputFileListPaths = (
				"${PODS_ROOT}/Target Support Files/Pods-MealCart/Pods-MealCart-frameworks-${CONFIGURATION}-output-files.xcfilelist",
			);
			runOnlyForDeploymentPostprocessing = 0;
			shellPath = /bin/sh;
			shellScript = "\"${PODS_ROOT}/Target Support Files/Pods-MealCart/Pods-MealCart-frameworks.sh\"\n";
			showEnvVarsInLog = 0;
		};
/* End PBXShellScriptBuildPhase section */

/* Begin PBXSourcesBuildPhase section */
		648973C025A50BC30049AB5B /* Sources */ = {
			isa = PBXSourcesBuildPhase;
			buildActionMask = 2147483647;
			files = (
				64E7F36525D210330033BD26 /* NewMealPlan.swift in Sources */,
				6489B0EA25B0D23A00A07B94 /* RecipeDetail.swift in Sources */,
				64911CE125B380BF002E4818 /* FavouriteButton.swift in Sources */,
				64E7F34E25CE16F90033BD26 /* FavouritesView.swift in Sources */,
				64E7F34425C8FC970033BD26 /* UserProfile.swift in Sources */,
				64E7F36025CF6CEB0033BD26 /* MealPlanHome.swift in Sources */,
				64A22DB925C35DCA00D6569D /* ContentView.swift in Sources */,
				648973CA25A50BC30049AB5B /* HomeScreen.swift in Sources */,
				648973C825A50BC30049AB5B /* MealCartApp.swift in Sources */,
				64A22DCE25C8A5FD00D6569D /* EmailField.swift in Sources */,
				6489B0FA25B0EE2300A07B94 /* RemoteImage.swift in Sources */,
				647CB60225C0CAB20071A91B /* SignUpView.swift in Sources */,
				64E7F34925CC86B10033BD26 /* SettingsView.swift in Sources */,
				64E7F35425CF66C70033BD26 /* MealPlanItem.swift in Sources */,
				647CB65D25C0D6FC0071A91B /* SessionStore.swift in Sources */,
				6489B0F025B0D27900A07B94 /* Recipe.swift in Sources */,
				647CB61225C0CF4A0071A91B /* LogInView.swift in Sources */,
				64A22DD325C8A6B500D6569D /* PasswordField.swift in Sources */,
				64911CD825B14828002E4818 /* ModelData.swift in Sources */,
				647CB66425C10EA60071A91B /* User.swift in Sources */,
			);
			runOnlyForDeploymentPostprocessing = 0;
		};
		648973D125A50BC40049AB5B /* Sources */ = {
			isa = PBXSourcesBuildPhase;
			buildActionMask = 2147483647;
			files = (
				648973DA25A50BC40049AB5B /* MealCartTests.swift in Sources */,
			);
			runOnlyForDeploymentPostprocessing = 0;
		};
		648973DC25A50BC40049AB5B /* Sources */ = {
			isa = PBXSourcesBuildPhase;
			buildActionMask = 2147483647;
			files = (
				648973E525A50BC40049AB5B /* MealCartUITests.swift in Sources */,
			);
			runOnlyForDeploymentPostprocessing = 0;
		};
/* End PBXSourcesBuildPhase section */

/* Begin PBXTargetDependency section */
		648973D725A50BC40049AB5B /* PBXTargetDependency */ = {
			isa = PBXTargetDependency;
			target = 648973C325A50BC30049AB5B /* MealCart */;
			targetProxy = 648973D625A50BC40049AB5B /* PBXContainerItemProxy */;
		};
		648973E225A50BC40049AB5B /* PBXTargetDependency */ = {
			isa = PBXTargetDependency;
			target = 648973C325A50BC30049AB5B /* MealCart */;
			targetProxy = 648973E125A50BC40049AB5B /* PBXContainerItemProxy */;
		};
/* End PBXTargetDependency section */

/* Begin XCBuildConfiguration section */
		648973E725A50BC40049AB5B /* Debug */ = {
			isa = XCBuildConfiguration;
			buildSettings = {
				ALWAYS_SEARCH_USER_PATHS = NO;
				CLANG_ANALYZER_NONNULL = YES;
				CLANG_ANALYZER_NUMBER_OBJECT_CONVERSION = YES_AGGRESSIVE;
				CLANG_CXX_LANGUAGE_STANDARD = "gnu++14";
				CLANG_CXX_LIBRARY = "libc++";
				CLANG_ENABLE_MODULES = YES;
				CLANG_ENABLE_OBJC_ARC = YES;
				CLANG_ENABLE_OBJC_WEAK = YES;
				CLANG_WARN_BLOCK_CAPTURE_AUTORELEASING = YES;
				CLANG_WARN_BOOL_CONVERSION = YES;
				CLANG_WARN_COMMA = YES;
				CLANG_WARN_CONSTANT_CONVERSION = YES;
				CLANG_WARN_DEPRECATED_OBJC_IMPLEMENTATIONS = YES;
				CLANG_WARN_DIRECT_OBJC_ISA_USAGE = YES_ERROR;
				CLANG_WARN_DOCUMENTATION_COMMENTS = YES;
				CLANG_WARN_EMPTY_BODY = YES;
				CLANG_WARN_ENUM_CONVERSION = YES;
				CLANG_WARN_INFINITE_RECURSION = YES;
				CLANG_WARN_INT_CONVERSION = YES;
				CLANG_WARN_NON_LITERAL_NULL_CONVERSION = YES;
				CLANG_WARN_OBJC_IMPLICIT_RETAIN_SELF = YES;
				CLANG_WARN_OBJC_LITERAL_CONVERSION = YES;
				CLANG_WARN_OBJC_ROOT_CLASS = YES_ERROR;
				CLANG_WARN_QUOTED_INCLUDE_IN_FRAMEWORK_HEADER = YES;
				CLANG_WARN_RANGE_LOOP_ANALYSIS = YES;
				CLANG_WARN_STRICT_PROTOTYPES = YES;
				CLANG_WARN_SUSPICIOUS_MOVE = YES;
				CLANG_WARN_UNGUARDED_AVAILABILITY = YES_AGGRESSIVE;
				CLANG_WARN_UNREACHABLE_CODE = YES;
				CLANG_WARN__DUPLICATE_METHOD_MATCH = YES;
				COPY_PHASE_STRIP = NO;
				DEBUG_INFORMATION_FORMAT = dwarf;
				ENABLE_STRICT_OBJC_MSGSEND = YES;
				ENABLE_TESTABILITY = YES;
				GCC_C_LANGUAGE_STANDARD = gnu11;
				GCC_DYNAMIC_NO_PIC = NO;
				GCC_NO_COMMON_BLOCKS = YES;
				GCC_OPTIMIZATION_LEVEL = 0;
				GCC_PREPROCESSOR_DEFINITIONS = (
					"DEBUG=1",
					"$(inherited)",
				);
				GCC_WARN_64_TO_32_BIT_CONVERSION = YES;
				GCC_WARN_ABOUT_RETURN_TYPE = YES_ERROR;
				GCC_WARN_UNDECLARED_SELECTOR = YES;
				GCC_WARN_UNINITIALIZED_AUTOS = YES_AGGRESSIVE;
				GCC_WARN_UNUSED_FUNCTION = YES;
				GCC_WARN_UNUSED_VARIABLE = YES;
				IPHONEOS_DEPLOYMENT_TARGET = 14.3;
				MTL_ENABLE_DEBUG_INFO = INCLUDE_SOURCE;
				MTL_FAST_MATH = YES;
				ONLY_ACTIVE_ARCH = YES;
				SDKROOT = iphoneos;
				SWIFT_ACTIVE_COMPILATION_CONDITIONS = DEBUG;
				SWIFT_OPTIMIZATION_LEVEL = "-Onone";
			};
			name = Debug;
		};
		648973E825A50BC40049AB5B /* Release */ = {
			isa = XCBuildConfiguration;
			buildSettings = {
				ALWAYS_SEARCH_USER_PATHS = NO;
				CLANG_ANALYZER_NONNULL = YES;
				CLANG_ANALYZER_NUMBER_OBJECT_CONVERSION = YES_AGGRESSIVE;
				CLANG_CXX_LANGUAGE_STANDARD = "gnu++14";
				CLANG_CXX_LIBRARY = "libc++";
				CLANG_ENABLE_MODULES = YES;
				CLANG_ENABLE_OBJC_ARC = YES;
				CLANG_ENABLE_OBJC_WEAK = YES;
				CLANG_WARN_BLOCK_CAPTURE_AUTORELEASING = YES;
				CLANG_WARN_BOOL_CONVERSION = YES;
				CLANG_WARN_COMMA = YES;
				CLANG_WARN_CONSTANT_CONVERSION = YES;
				CLANG_WARN_DEPRECATED_OBJC_IMPLEMENTATIONS = YES;
				CLANG_WARN_DIRECT_OBJC_ISA_USAGE = YES_ERROR;
				CLANG_WARN_DOCUMENTATION_COMMENTS = YES;
				CLANG_WARN_EMPTY_BODY = YES;
				CLANG_WARN_ENUM_CONVERSION = YES;
				CLANG_WARN_INFINITE_RECURSION = YES;
				CLANG_WARN_INT_CONVERSION = YES;
				CLANG_WARN_NON_LITERAL_NULL_CONVERSION = YES;
				CLANG_WARN_OBJC_IMPLICIT_RETAIN_SELF = YES;
				CLANG_WARN_OBJC_LITERAL_CONVERSION = YES;
				CLANG_WARN_OBJC_ROOT_CLASS = YES_ERROR;
				CLANG_WARN_QUOTED_INCLUDE_IN_FRAMEWORK_HEADER = YES;
				CLANG_WARN_RANGE_LOOP_ANALYSIS = YES;
				CLANG_WARN_STRICT_PROTOTYPES = YES;
				CLANG_WARN_SUSPICIOUS_MOVE = YES;
				CLANG_WARN_UNGUARDED_AVAILABILITY = YES_AGGRESSIVE;
				CLANG_WARN_UNREACHABLE_CODE = YES;
				CLANG_WARN__DUPLICATE_METHOD_MATCH = YES;
				COPY_PHASE_STRIP = NO;
				DEBUG_INFORMATION_FORMAT = "dwarf-with-dsym";
				ENABLE_NS_ASSERTIONS = NO;
				ENABLE_STRICT_OBJC_MSGSEND = YES;
				GCC_C_LANGUAGE_STANDARD = gnu11;
				GCC_NO_COMMON_BLOCKS = YES;
				GCC_WARN_64_TO_32_BIT_CONVERSION = YES;
				GCC_WARN_ABOUT_RETURN_TYPE = YES_ERROR;
				GCC_WARN_UNDECLARED_SELECTOR = YES;
				GCC_WARN_UNINITIALIZED_AUTOS = YES_AGGRESSIVE;
				GCC_WARN_UNUSED_FUNCTION = YES;
				GCC_WARN_UNUSED_VARIABLE = YES;
				IPHONEOS_DEPLOYMENT_TARGET = 14.3;
				MTL_ENABLE_DEBUG_INFO = NO;
				MTL_FAST_MATH = YES;
				SDKROOT = iphoneos;
				SWIFT_COMPILATION_MODE = wholemodule;
				SWIFT_OPTIMIZATION_LEVEL = "-O";
				VALIDATE_PRODUCT = YES;
			};
			name = Release;
		};
		648973EA25A50BC40049AB5B /* Debug */ = {
			isa = XCBuildConfiguration;
			baseConfigurationReference = 9FE566447A9958404248AA71 /* Pods-MealCart.debug.xcconfig */;
			buildSettings = {
				ASSETCATALOG_COMPILER_APPICON_NAME = AppIcon;
				ASSETCATALOG_COMPILER_GLOBAL_ACCENT_COLOR_NAME = AccentColor;
				CODE_SIGN_STYLE = Automatic;
				DEVELOPMENT_ASSET_PATHS = "\"MealCart/Preview Content\"";
				DEVELOPMENT_TEAM = R35BN78C7J;
				ENABLE_PREVIEWS = YES;
				INFOPLIST_FILE = MealCart/Info.plist;
				IPHONEOS_DEPLOYMENT_TARGET = 14.0;
				LD_RUNPATH_SEARCH_PATHS = (
					"$(inherited)",
					"@executable_path/Frameworks",
				);
				PRODUCT_BUNDLE_IDENTIFIER = com.google.boyima98.MealCart;
				PRODUCT_NAME = "$(TARGET_NAME)";
				SWIFT_VERSION = 5.0;
				TARGETED_DEVICE_FAMILY = "1,2";
			};
			name = Debug;
		};
		648973EB25A50BC40049AB5B /* Release */ = {
			isa = XCBuildConfiguration;
			baseConfigurationReference = 315C22A905F91591D82355A1 /* Pods-MealCart.release.xcconfig */;
			buildSettings = {
				ASSETCATALOG_COMPILER_APPICON_NAME = AppIcon;
				ASSETCATALOG_COMPILER_GLOBAL_ACCENT_COLOR_NAME = AccentColor;
				CODE_SIGN_STYLE = Automatic;
				DEVELOPMENT_ASSET_PATHS = "\"MealCart/Preview Content\"";
				DEVELOPMENT_TEAM = R35BN78C7J;
				ENABLE_PREVIEWS = YES;
				INFOPLIST_FILE = MealCart/Info.plist;
				IPHONEOS_DEPLOYMENT_TARGET = 14.0;
				LD_RUNPATH_SEARCH_PATHS = (
					"$(inherited)",
					"@executable_path/Frameworks",
				);
				PRODUCT_BUNDLE_IDENTIFIER = com.google.boyima98.MealCart;
				PRODUCT_NAME = "$(TARGET_NAME)";
				SWIFT_VERSION = 5.0;
				TARGETED_DEVICE_FAMILY = "1,2";
			};
			name = Release;
		};
		648973ED25A50BC40049AB5B /* Debug */ = {
			isa = XCBuildConfiguration;
			baseConfigurationReference = 43A8DACA24033D0A19C451F6 /* Pods-MealCartTests.debug.xcconfig */;
			buildSettings = {
				ALWAYS_EMBED_SWIFT_STANDARD_LIBRARIES = YES;
				BUNDLE_LOADER = "$(TEST_HOST)";
				CODE_SIGN_STYLE = Automatic;
				DEVELOPMENT_TEAM = R35BN78C7J;
				INFOPLIST_FILE = MealCartTests/Info.plist;
				IPHONEOS_DEPLOYMENT_TARGET = 14.0;
				LD_RUNPATH_SEARCH_PATHS = (
					"$(inherited)",
					"@executable_path/Frameworks",
					"@loader_path/Frameworks",
				);
				PRODUCT_BUNDLE_IDENTIFIER = com.google.boyima98.MealCartTests;
				PRODUCT_NAME = "$(TARGET_NAME)";
				SWIFT_VERSION = 5.0;
				TARGETED_DEVICE_FAMILY = "1,2";
				TEST_HOST = "$(BUILT_PRODUCTS_DIR)/MealCart.app/MealCart";
			};
			name = Debug;
		};
		648973EE25A50BC40049AB5B /* Release */ = {
			isa = XCBuildConfiguration;
			baseConfigurationReference = CE02AAD5481925EFC8786C6A /* Pods-MealCartTests.release.xcconfig */;
			buildSettings = {
				ALWAYS_EMBED_SWIFT_STANDARD_LIBRARIES = YES;
				BUNDLE_LOADER = "$(TEST_HOST)";
				CODE_SIGN_STYLE = Automatic;
				DEVELOPMENT_TEAM = R35BN78C7J;
				INFOPLIST_FILE = MealCartTests/Info.plist;
				IPHONEOS_DEPLOYMENT_TARGET = 14.0;
				LD_RUNPATH_SEARCH_PATHS = (
					"$(inherited)",
					"@executable_path/Frameworks",
					"@loader_path/Frameworks",
				);
				PRODUCT_BUNDLE_IDENTIFIER = com.google.boyima98.MealCartTests;
				PRODUCT_NAME = "$(TARGET_NAME)";
				SWIFT_VERSION = 5.0;
				TARGETED_DEVICE_FAMILY = "1,2";
				TEST_HOST = "$(BUILT_PRODUCTS_DIR)/MealCart.app/MealCart";
			};
			name = Release;
		};
		648973F025A50BC40049AB5B /* Debug */ = {
			isa = XCBuildConfiguration;
			baseConfigurationReference = 1853E666109A09CFD91C0481 /* Pods-MealCart-MealCartUITests.debug.xcconfig */;
			buildSettings = {
				ALWAYS_EMBED_SWIFT_STANDARD_LIBRARIES = YES;
				CODE_SIGN_STYLE = Automatic;
				DEVELOPMENT_TEAM = R35BN78C7J;
				INFOPLIST_FILE = MealCartUITests/Info.plist;
				LD_RUNPATH_SEARCH_PATHS = (
					"$(inherited)",
					"@executable_path/Frameworks",
					"@loader_path/Frameworks",
				);
				PRODUCT_BUNDLE_IDENTIFIER = com.google.boyima98.MealCartUITests;
				PRODUCT_NAME = "$(TARGET_NAME)";
				SWIFT_VERSION = 5.0;
				TARGETED_DEVICE_FAMILY = "1,2";
				TEST_TARGET_NAME = MealCart;
			};
			name = Debug;
		};
		648973F125A50BC40049AB5B /* Release */ = {
			isa = XCBuildConfiguration;
			baseConfigurationReference = 2CF96279C45443F523947282 /* Pods-MealCart-MealCartUITests.release.xcconfig */;
			buildSettings = {
				ALWAYS_EMBED_SWIFT_STANDARD_LIBRARIES = YES;
				CODE_SIGN_STYLE = Automatic;
				DEVELOPMENT_TEAM = R35BN78C7J;
				INFOPLIST_FILE = MealCartUITests/Info.plist;
				LD_RUNPATH_SEARCH_PATHS = (
					"$(inherited)",
					"@executable_path/Frameworks",
					"@loader_path/Frameworks",
				);
				PRODUCT_BUNDLE_IDENTIFIER = com.google.boyima98.MealCartUITests;
				PRODUCT_NAME = "$(TARGET_NAME)";
				SWIFT_VERSION = 5.0;
				TARGETED_DEVICE_FAMILY = "1,2";
				TEST_TARGET_NAME = MealCart;
			};
			name = Release;
		};
/* End XCBuildConfiguration section */

/* Begin XCConfigurationList section */
		648973BF25A50BC30049AB5B /* Build configuration list for PBXProject "MealCart" */ = {
			isa = XCConfigurationList;
			buildConfigurations = (
				648973E725A50BC40049AB5B /* Debug */,
				648973E825A50BC40049AB5B /* Release */,
			);
			defaultConfigurationIsVisible = 0;
			defaultConfigurationName = Release;
		};
		648973E925A50BC40049AB5B /* Build configuration list for PBXNativeTarget "MealCart" */ = {
			isa = XCConfigurationList;
			buildConfigurations = (
				648973EA25A50BC40049AB5B /* Debug */,
				648973EB25A50BC40049AB5B /* Release */,
			);
			defaultConfigurationIsVisible = 0;
			defaultConfigurationName = Release;
		};
		648973EC25A50BC40049AB5B /* Build configuration list for PBXNativeTarget "MealCartTests" */ = {
			isa = XCConfigurationList;
			buildConfigurations = (
				648973ED25A50BC40049AB5B /* Debug */,
				648973EE25A50BC40049AB5B /* Release */,
			);
			defaultConfigurationIsVisible = 0;
			defaultConfigurationName = Release;
		};
		648973EF25A50BC40049AB5B /* Build configuration list for PBXNativeTarget "MealCartUITests" */ = {
			isa = XCConfigurationList;
			buildConfigurations = (
				648973F025A50BC40049AB5B /* Debug */,
				648973F125A50BC40049AB5B /* Release */,
			);
			defaultConfigurationIsVisible = 0;
			defaultConfigurationName = Release;
		};
/* End XCConfigurationList section */
	};
	rootObject = 648973BC25A50BC30049AB5B /* Project object */;
}
